{
  "name": "pulse-mvp",
  "lockfileVersion": 3,
  "requires": true,
  "packages": {
    "": {
      "dependencies": {
        "dotenv": "^17.2.1"
      },
      "devDependencies": {
        "husky": "^9.1.7"
      }
    },
    "node_modules/dotenv": {
      "version": "17.2.1",
      "resolved": "https://registry.npmjs.org/dotenv/-/dotenv-17.2.1.tgz",
      "integrity": "sha512-kQhDYKZecqnM0fCnzI5eIv5L4cAe/iRI+HqMbO/hbRdTAeXDG+M9FjipUxNfbARuEg4iHIbhnhs78BCHNbSxEQ==",
      "license": "BSD-2-Clause",
      "engines": {
        "node": ">=12"
      },
      "funding": {
        "url": "https://dotenvx.com"
      }
    },
    "node_modules/husky": {
      "version": "9.1.7",
      "resolved": "https://registry.npmjs.org/husky/-/husky-9.1.7.tgz",
      "integrity": "sha512-5gs5ytaNjBrh5Ow3zrvdUUY+0VxIuWVL4i9irt6friV+BqdCfmV11CQTWMiBYWHbXhco+J1kHfTOUkePhCDvMA==",
      "dev": true,
      "license": "MIT",
      "bin": {
        "husky": "bin.js"
      },
      "engines": {
        "node": ">=18"
      },
      "funding": {
        "url": "https://github.com/sponsors/typicode"
      }
    }
  }
}
